// !$*UTF8*$!
{
	archiveVersion = 1;
	classes = {
	};
	objectVersion = 56;
	objects = {

/* Begin PBXBuildFile section */
		11C212CB2A5DC4CE00C0208D /* AppDelegate.swift in Sources */ = {isa = PBXBuildFile; fileRef = 11C212CA2A5DC4CE00C0208D /* AppDelegate.swift */; };
		11C212CD2A5DC4CE00C0208D /* SceneDelegate.swift in Sources */ = {isa = PBXBuildFile; fileRef = 11C212CC2A5DC4CE00C0208D /* SceneDelegate.swift */; };
		11C212D22A5DC4CE00C0208D /* Main.storyboard in Resources */ = {isa = PBXBuildFile; fileRef = 11C212D02A5DC4CE00C0208D /* Main.storyboard */; };
		11C212D42A5DC4CE00C0208D /* Assets.xcassets in Resources */ = {isa = PBXBuildFile; fileRef = 11C212D32A5DC4CE00C0208D /* Assets.xcassets */; };
		11C212D72A5DC4CE00C0208D /* LaunchScreen.storyboard in Resources */ = {isa = PBXBuildFile; fileRef = 11C212D52A5DC4CE00C0208D /* LaunchScreen.storyboard */; };
		11C212DF2A5DC4F300C0208D /* Common.swift in Sources */ = {isa = PBXBuildFile; fileRef = 11C212DE2A5DC4F300C0208D /* Common.swift */; };
		11C212E22A5DC52600C0208D /* WebViewController.swift in Sources */ = {isa = PBXBuildFile; fileRef = 11C212E02A5DC52600C0208D /* WebViewController.swift */; };
		11C212E32A5DC52600C0208D /* MainController.swift in Sources */ = {isa = PBXBuildFile; fileRef = 11C212E12A5DC52600C0208D /* MainController.swift */; };
		11C212E62A5DC5EB00C0208D /* Zip in Frameworks */ = {isa = PBXBuildFile; productRef = 11C212E52A5DC5EB00C0208D /* Zip */; };
/* End PBXBuildFile section */

/* Begin PBXFileReference section */
		11C212C72A5DC4CE00C0208D /* Metaperson2.0.app */ = {isa = PBXFileReference; explicitFileType = wrapper.application; includeInIndex = 0; path = Metaperson2.0.app; sourceTree = BUILT_PRODUCTS_DIR; };
		11C212CA2A5DC4CE00C0208D /* AppDelegate.swift */ = {isa = PBXFileReference; lastKnownFileType = sourcecode.swift; path = AppDelegate.swift; sourceTree = "<group>"; };
		11C212CC2A5DC4CE00C0208D /* SceneDelegate.swift */ = {isa = PBXFileReference; lastKnownFileType = sourcecode.swift; path = SceneDelegate.swift; sourceTree = "<group>"; };
		11C212D12A5DC4CE00C0208D /* Base */ = {isa = PBXFileReference; lastKnownFileType = file.storyboard; name = Base; path = Base.lproj/Main.storyboard; sourceTree = "<group>"; };
		11C212D32A5DC4CE00C0208D /* Assets.xcassets */ = {isa = PBXFileReference; lastKnownFileType = folder.assetcatalog; path = Assets.xcassets; sourceTree = "<group>"; };
		11C212D62A5DC4CE00C0208D /* Base */ = {isa = PBXFileReference; lastKnownFileType = file.storyboard; name = Base; path = Base.lproj/LaunchScreen.storyboard; sourceTree = "<group>"; };
		11C212D82A5DC4CE00C0208D /* Info.plist */ = {isa = PBXFileReference; lastKnownFileType = text.plist.xml; path = Info.plist; sourceTree = "<group>"; };
		11C212DE2A5DC4F300C0208D /* Common.swift */ = {isa = PBXFileReference; fileEncoding = 4; lastKnownFileType = sourcecode.swift; path = Common.swift; sourceTree = "<group>"; };
		11C212E02A5DC52600C0208D /* WebViewController.swift */ = {isa = PBXFileReference; fileEncoding = 4; lastKnownFileType = sourcecode.swift; path = WebViewController.swift; sourceTree = "<group>"; };
		11C212E12A5DC52600C0208D /* MainController.swift */ = {isa = PBXFileReference; fileEncoding = 4; lastKnownFileType = sourcecode.swift; path = MainController.swift; sourceTree = "<group>"; };
/* End PBXFileReference section */

/* Begin PBXFrameworksBuildPhase section */
		11C212C42A5DC4CE00C0208D /* Frameworks */ = {
			isa = PBXFrameworksBuildPhase;
			buildActionMask = 2147483647;
			files = (
				11C212E62A5DC5EB00C0208D /* Zip in Frameworks */,
			);
			runOnlyForDeploymentPostprocessing = 0;
		};
/* End PBXFrameworksBuildPhase section */

/* Begin PBXGroup section */
		11C212BE2A5DC4CE00C0208D = {
			isa = PBXGroup;
			children = (
				11C212C92A5DC4CE00C0208D /* Metaperson2.0 */,
				11C212C82A5DC4CE00C0208D /* Products */,
			);
			sourceTree = "<group>";
		};
		11C212C82A5DC4CE00C0208D /* Products */ = {
			isa = PBXGroup;
			children = (
				11C212C72A5DC4CE00C0208D /* Metaperson2.0.app */,
			);
			name = Products;
			sourceTree = "<group>";
		};
		11C212C92A5DC4CE00C0208D /* Metaperson2.0 */ = {
			isa = PBXGroup;
			children = (
				11C212CA2A5DC4CE00C0208D /* AppDelegate.swift */,
				11C212CC2A5DC4CE00C0208D /* SceneDelegate.swift */,
				11C212DE2A5DC4F300C0208D /* Common.swift */,
				11C212E12A5DC52600C0208D /* MainController.swift */,
				11C212E02A5DC52600C0208D /* WebViewController.swift */,
				11C212D02A5DC4CE00C0208D /* Main.storyboard */,
				11C212D32A5DC4CE00C0208D /* Assets.xcassets */,
				11C212D52A5DC4CE00C0208D /* LaunchScreen.storyboard */,
				11C212D82A5DC4CE00C0208D /* Info.plist */,
			);
			path = Metaperson2.0;
			sourceTree = "<group>";
		};
/* End PBXGroup section */

/* Begin PBXNativeTarget section */
		11C212C62A5DC4CE00C0208D /* Metaperson2.0 */ = {
			isa = PBXNativeTarget;
			buildConfigurationList = 11C212DB2A5DC4CE00C0208D /* Build configuration list for PBXNativeTarget "Metaperson2.0" */;
			buildPhases = (
				11C212C32A5DC4CE00C0208D /* Sources */,
				11C212C42A5DC4CE00C0208D /* Frameworks */,
				11C212C52A5DC4CE00C0208D /* Resources */,
			);
			buildRules = (
			);
			dependencies = (
			);
			name = Metaperson2.0;
			packageProductDependencies = (
				11C212E52A5DC5EB00C0208D /* Zip */,
			);
			productName = Metaperson2.0;
			productReference = 11C212C72A5DC4CE00C0208D /* Metaperson2.0.app */;
			productType = "com.apple.product-type.application";
		};
/* End PBXNativeTarget section */

/* Begin PBXProject section */
		11C212BF2A5DC4CE00C0208D /* Project object */ = {
			isa = PBXProject;
			attributes = {
				BuildIndependentTargetsInParallel = 1;
				LastSwiftUpdateCheck = 1430;
				LastUpgradeCheck = 1430;
				TargetAttributes = {
					11C212C62A5DC4CE00C0208D = {
						CreatedOnToolsVersion = 14.3;
					};
				};
			};
			buildConfigurationList = 11C212C22A5DC4CE00C0208D /* Build configuration list for PBXProject "Metaperson2.0" */;
			compatibilityVersion = "Xcode 14.0";
			developmentRegion = en;
			hasScannedForEncodings = 0;
			knownRegions = (
				en,
				Base,
			);
			mainGroup = 11C212BE2A5DC4CE00C0208D;
			packageReferences = (
				11C212E42A5DC5EB00C0208D /* XCRemoteSwiftPackageReference "Zip" */,
			);
			productRefGroup = 11C212C82A5DC4CE00C0208D /* Products */;
			projectDirPath = "";
			projectRoot = "";
			targets = (
				11C212C62A5DC4CE00C0208D /* Metaperson2.0 */,
			);
		};
/* End PBXProject section */

/* Begin PBXResourcesBuildPhase section */
		11C212C52A5DC4CE00C0208D /* Resources */ = {
			isa = PBXResourcesBuildPhase;
			buildActionMask = 2147483647;
			files = (
				11C212D72A5DC4CE00C0208D /* LaunchScreen.storyboard in Resources */,
				11C212D42A5DC4CE00C0208D /* Assets.xcassets in Resources */,
				11C212D22A5DC4CE00C0208D /* Main.storyboard in Resources */,
			);
			runOnlyForDeploymentPostprocessing = 0;
		};
/* End PBXResourcesBuildPhase section */

/* Begin PBXSourcesBuildPhase section */
		11C212C32A5DC4CE00C0208D /* Sources */ = {
			isa = PBXSourcesBuildPhase;
			buildActionMask = 2147483647;
			files = (
				11C212DF2A5DC4F300C0208D /* Common.swift in Sources */,
				11C212CB2A5DC4CE00C0208D /* AppDelegate.swift in Sources */,
				11C212E22A5DC52600C0208D /* WebViewController.swift in Sources */,
				11C212CD2A5DC4CE00C0208D /* SceneDelegate.swift in Sources */,
				11C212E32A5DC52600C0208D /* MainController.swift in Sources */,
			);
			runOnlyForDeploymentPostprocessing = 0;
		};
/* End PBXSourcesBuildPhase section */

/* Begin PBXVariantGroup section */
		11C212D02A5DC4CE00C0208D /* Main.storyboard */ = {
			isa = PBXVariantGroup;
			children = (
				11C212D12A5DC4CE00C0208D /* Base */,
			);
			name = Main.storyboard;
			sourceTree = "<group>";
		};
		11C212D52A5DC4CE00C0208D /* LaunchScreen.storyboard */ = {
			isa = PBXVariantGroup;
			children = (
				11C212D62A5DC4CE00C0208D /* Base */,
			);
			name = LaunchScreen.storyboard;
			sourceTree = "<group>";
		};
/* End PBXVariantGroup section */

/* Begin XCBuildConfiguration section */
		11C212D92A5DC4CE00C0208D /* Debug */ = {
			isa = XCBuildConfiguration;
			buildSettings = {
				ALWAYS_SEARCH_USER_PATHS = NO;
				CLANG_ANALYZER_NONNULL = YES;
				CLANG_ANALYZER_NUMBER_OBJECT_CONVERSION = YES_AGGRESSIVE;
				CLANG_CXX_LANGUAGE_STANDARD = "gnu++20";
				CLANG_ENABLE_MODULES = YES;
				CLANG_ENABLE_OBJC_ARC = YES;
				CLANG_ENABLE_OBJC_WEAK = YES;
				CLANG_WARN_BLOCK_CAPTURE_AUTORELEASING = YES;
				CLANG_WARN_BOOL_CONVERSION = YES;
				CLANG_WARN_COMMA = YES;
				CLANG_WARN_CONSTANT_CONVERSION = YES;
				CLANG_WARN_DEPRECATED_OBJC_IMPLEMENTATIONS = YES;
				CLANG_WARN_DIRECT_OBJC_ISA_USAGE = YES_ERROR;
				CLANG_WARN_DOCUMENTATION_COMMENTS = YES;
				CLANG_WARN_EMPTY_BODY = YES;
				CLANG_WARN_ENUM_CONVERSION = YES;
				CLANG_WARN_INFINITE_RECURSION = YES;
				CLANG_WARN_INT_CONVERSION = YES;
				CLANG_WARN_NON_LITERAL_NULL_CONVERSION = YES;
				CLANG_WARN_OBJC_IMPLICIT_RETAIN_SELF = YES;
				CLANG_WARN_OBJC_LITERAL_CONVERSION = YES;
				CLANG_WARN_OBJC_ROOT_CLASS = YES_ERROR;
				CLANG_WARN_QUOTED_INCLUDE_IN_FRAMEWORK_HEADER = YES;
				CLANG_WARN_RANGE_LOOP_ANALYSIS = YES;
				CLANG_WARN_STRICT_PROTOTYPES = YES;
				CLANG_WARN_SUSPICIOUS_MOVE = YES;
				CLANG_WARN_UNGUARDED_AVAILABILITY = YES_AGGRESSIVE;
				CLANG_WARN_UNREACHABLE_CODE = YES;
				CLANG_WARN__DUPLICATE_METHOD_MATCH = YES;
				COPY_PHASE_STRIP = NO;
				DEBUG_INFORMATION_FORMAT = dwarf;
				ENABLE_STRICT_OBJC_MSGSEND = YES;
				ENABLE_TESTABILITY = YES;
				GCC_C_LANGUAGE_STANDARD = gnu11;
				GCC_DYNAMIC_NO_PIC = NO;
				GCC_NO_COMMON_BLOCKS = YES;
				GCC_OPTIMIZATION_LEVEL = 0;
				GCC_PREPROCESSOR_DEFINITIONS = (
					"DEBUG=1",
					"$(inherited)",
				);
				GCC_WARN_64_TO_32_BIT_CONVERSION = YES;
				GCC_WARN_ABOUT_RETURN_TYPE = YES_ERROR;
				GCC_WARN_UNDECLARED_SELECTOR = YES;
				GCC_WARN_UNINITIALIZED_AUTOS = YES_AGGRESSIVE;
				GCC_WARN_UNUSED_FUNCTION = YES;
				GCC_WARN_UNUSED_VARIABLE = YES;
				IPHONEOS_DEPLOYMENT_TARGET = 16.4;
				MTL_ENABLE_DEBUG_INFO = INCLUDE_SOURCE;
				MTL_FAST_MATH = YES;
				ONLY_ACTIVE_ARCH = YES;
				SDKROOT = iphoneos;
				SWIFT_ACTIVE_COMPILATION_CONDITIONS = DEBUG;
				SWIFT_OPTIMIZATION_LEVEL = "-Onone";
			};
			name = Debug;
		};
		11C212DA2A5DC4CE00C0208D /* Release */ = {
			isa = XCBuildConfiguration;
			buildSettings = {
				ALWAYS_SEARCH_USER_PATHS = NO;
				CLANG_ANALYZER_NONNULL = YES;
				CLANG_ANALYZER_NUMBER_OBJECT_CONVERSION = YES_AGGRESSIVE;
				CLANG_CXX_LANGUAGE_STANDARD = "gnu++20";
				CLANG_ENABLE_MODULES = YES;
				CLANG_ENABLE_OBJC_ARC = YES;
				CLANG_ENABLE_OBJC_WEAK = YES;
				CLANG_WARN_BLOCK_CAPTURE_AUTORELEASING = YES;
				CLANG_WARN_BOOL_CONVERSION = YES;
				CLANG_WARN_COMMA = YES;
				CLANG_WARN_CONSTANT_CONVERSION = YES;
				CLANG_WARN_DEPRECATED_OBJC_IMPLEMENTATIONS = YES;
				CLANG_WARN_DIRECT_OBJC_ISA_USAGE = YES_ERROR;
				CLANG_WARN_DOCUMENTATION_COMMENTS = YES;
				CLANG_WARN_EMPTY_BODY = YES;
				CLANG_WARN_ENUM_CONVERSION = YES;
				CLANG_WARN_INFINITE_RECURSION = YES;
				CLANG_WARN_INT_CONVERSION = YES;
				CLANG_WARN_NON_LITERAL_NULL_CONVERSION = YES;
				CLANG_WARN_OBJC_IMPLICIT_RETAIN_SELF = YES;
				CLANG_WARN_OBJC_LITERAL_CONVERSION = YES;
				CLANG_WARN_OBJC_ROOT_CLASS = YES_ERROR;
				CLANG_WARN_QUOTED_INCLUDE_IN_FRAMEWORK_HEADER = YES;
				CLANG_WARN_RANGE_LOOP_ANALYSIS = YES;
				CLANG_WARN_STRICT_PROTOTYPES = YES;
				CLANG_WARN_SUSPICIOUS_MOVE = YES;
				CLANG_WARN_UNGUARDED_AVAILABILITY = YES_AGGRESSIVE;
				CLANG_WARN_UNREACHABLE_CODE = YES;
				CLANG_WARN__DUPLICATE_METHOD_MATCH = YES;
				COPY_PHASE_STRIP = NO;
				DEBUG_INFORMATION_FORMAT = "dwarf-with-dsym";
				ENABLE_NS_ASSERTIONS = NO;
				ENABLE_STRICT_OBJC_MSGSEND = YES;
				GCC_C_LANGUAGE_STANDARD = gnu11;
				GCC_NO_COMMON_BLOCKS = YES;
				GCC_WARN_64_TO_32_BIT_CONVERSION = YES;
				GCC_WARN_ABOUT_RETURN_TYPE = YES_ERROR;
				GCC_WARN_UNDECLARED_SELECTOR = YES;
				GCC_WARN_UNINITIALIZED_AUTOS = YES_AGGRESSIVE;
				GCC_WARN_UNUSED_FUNCTION = YES;
				GCC_WARN_UNUSED_VARIABLE = YES;
				IPHONEOS_DEPLOYMENT_TARGET = 16.4;
				MTL_ENABLE_DEBUG_INFO = NO;
				MTL_FAST_MATH = YES;
				SDKROOT = iphoneos;
				SWIFT_COMPILATION_MODE = wholemodule;
				SWIFT_OPTIMIZATION_LEVEL = "-O";
				VALIDATE_PRODUCT = YES;
			};
			name = Release;
		};
		11C212DC2A5DC4CE00C0208D /* Debug */ = {
			isa = XCBuildConfiguration;
			buildSettings = {
				ASSETCATALOG_COMPILER_APPICON_NAME = AppIcon;
				ASSETCATALOG_COMPILER_GLOBAL_ACCENT_COLOR_NAME = AccentColor;
				CODE_SIGN_STYLE = Automatic;
				CURRENT_PROJECT_VERSION = 1;
				DEVELOPMENT_TEAM = ZAS99248K7;
				GENERATE_INFOPLIST_FILE = YES;
				INFOPLIST_FILE = Metaperson2.0/Info.plist;
				INFOPLIST_KEY_NSCameraUsageDescription = "Used to take photos";
				INFOPLIST_KEY_UIApplicationSupportsIndirectInputEvents = YES;
				INFOPLIST_KEY_UILaunchStoryboardName = LaunchScreen;
				INFOPLIST_KEY_UIMainStoryboardFile = Main;
				INFOPLIST_KEY_UISupportedInterfaceOrientations_iPad = "UIInterfaceOrientationPortrait UIInterfaceOrientationPortraitUpsideDown UIInterfaceOrientationLandscapeLeft UIInterfaceOrientationLandscapeRight";
				INFOPLIST_KEY_UISupportedInterfaceOrientations_iPhone = "UIInterfaceOrientationPortrait UIInterfaceOrientationLandscapeLeft UIInterfaceOrientationLandscapeRight";
				LD_RUNPATH_SEARCH_PATHS = (
					"$(inherited)",
					"@executable_path/Frameworks",
				);
				MARKETING_VERSION = 1.0;
				PRODUCT_BUNDLE_IDENTIFIER = "com.itseez3d.metaperson2.Metaperson2-0";
				PRODUCT_NAME = "$(TARGET_NAME)";
				SWIFT_EMIT_LOC_STRINGS = YES;
				SWIFT_VERSION = 5.0;
				TARGETED_DEVICE_FAMILY = "1,2";
			};
			name = Debug;
		};
		11C212DD2A5DC4CE00C0208D /* Release */ = {
			isa = XCBuildConfiguration;
			buildSettings = {
				ASSETCATALOG_COMPILER_APPICON_NAME = AppIcon;
				ASSETCATALOG_COMPILER_GLOBAL_ACCENT_COLOR_NAME = AccentColor;
				CODE_SIGN_STYLE = Automatic;
				CURRENT_PROJECT_VERSION = 1;
				DEVELOPMENT_TEAM = ZAS99248K7;
				GENERATE_INFOPLIST_FILE = YES;
				INFOPLIST_FILE = Metaperson2.0/Info.plist;
				INFOPLIST_KEY_NSCameraUsageDescription = "Used to take photos";
				INFOPLIST_KEY_UIApplicationSupportsIndirectInputEvents = YES;
				INFOPLIST_KEY_UILaunchStoryboardName = LaunchScreen;
				INFOPLIST_KEY_UIMainStoryboardFile = Main;
				INFOPLIST_KEY_UISupportedInterfaceOrientations_iPad = "UIInterfaceOrientationPortrait UIInterfaceOrientationPortraitUpsideDown UIInterfaceOrientationLandscapeLeft UIInterfaceOrientationLandscapeRight";
				INFOPLIST_KEY_UISupportedInterfaceOrientations_iPhone = "UIInterfaceOrientationPortrait UIInterfaceOrientationLandscapeLeft UIInterfaceOrientationLandscapeRight";
				LD_RUNPATH_SEARCH_PATHS = (
					"$(inherited)",
					"@executable_path/Frameworks",
				);
				MARKETING_VERSION = 1.0;
				PRODUCT_BUNDLE_IDENTIFIER = "com.itseez3d.metaperson2.Metaperson2-0";
				PRODUCT_NAME = "$(TARGET_NAME)";
				SWIFT_EMIT_LOC_STRINGS = YES;
				SWIFT_VERSION = 5.0;
				TARGETED_DEVICE_FAMILY = "1,2";
			};
			name = Release;
		};
/* End XCBuildConfiguration section */

/* Begin XCConfigurationList section */
		11C212C22A5DC4CE00C0208D /* Build configuration list for PBXProject "Metaperson2.0" */ = {
			isa = XCConfigurationList;
			buildConfigurations = (
				11C212D92A5DC4CE00C0208D /* Debug */,
				11C212DA2A5DC4CE00C0208D /* Release */,
			);
			defaultConfigurationIsVisible = 0;
			defaultConfigurationName = Release;
		};
		11C212DB2A5DC4CE00C0208D /* Build configuration list for PBXNativeTarget "Metaperson2.0" */ = {
			isa = XCConfigurationList;
			buildConfigurations = (
				11C212DC2A5DC4CE00C0208D /* Debug */,
				11C212DD2A5DC4CE00C0208D /* Release */,
			);
			defaultConfigurationIsVisible = 0;
			defaultConfigurationName = Release;
		};
/* End XCConfigurationList section */

/* Begin XCRemoteSwiftPackageReference section */
		11C212E42A5DC5EB00C0208D /* XCRemoteSwiftPackageReference "Zip" */ = {
			isa = XCRemoteSwiftPackageReference;
			repositoryURL = "https://github.com/marmelroy/Zip.git";
			requirement = {
				kind = upToNextMajorVersion;
				minimumVersion = 2.0.0;
			};
		};
/* End XCRemoteSwiftPackageReference section */

/* Begin XCSwiftPackageProductDependency section */
		11C212E52A5DC5EB00C0208D /* Zip */ = {
			isa = XCSwiftPackageProductDependency;
			package = 11C212E42A5DC5EB00C0208D /* XCRemoteSwiftPackageReference "Zip" */;
			productName = Zip;
		};
/* End XCSwiftPackageProductDependency section */
	};
	rootObject = 11C212BF2A5DC4CE00C0208D /* Project object */;
}
